
Microsoft Visual Studio Solution File, Format Version 12.00
# Visual Studio Version 16
VisualStudioVersion = 16.0.30128.74
MinimumVisualStudioVersion = 10.0.40219.1
Project("{9A19103F-16F7-4668-BE54-9A1E7A4F7556}") = "TempProject.Core", "Core\TempProject.Core.csproj", "{823DA7AE-3D9F-4D89-A5DA-0FB3F33F32BC}"
EndProject
Project("{9A19103F-16F7-4668-BE54-9A1E7A4F7556}") = "TempProject.Data", "Data\TempProject.Data.csproj", "{C30290FD-4CC3-4C8F-829F-2EC593024937}"
EndProject
Project("{9A19103F-16F7-4668-BE54-9A1E7A4F7556}") = "TempProject.Repository", "Repository\TempProject.Repository.csproj", "{860BE1EB-E413-4D30-8F8C-679AB7B09FAD}"
EndProject
Project("{9A19103F-16F7-4668-BE54-9A1E7A4F7556}") = "TempProject.Service", "Service\TempProject.Service.csproj", "{5463F78F-B3F8-4578-9083-CF05FE6ABE03}"
EndProject
Project("{9A19103F-16F7-4668-BE54-9A1E7A4F7556}") = "TempProject.WebAPI", "WebAPI\TempProject.WebAPI.csproj", "{95ED48BA-9CA3-43A9-AB18-055E7DC0837E}"
EndProject
Global
	GlobalSection(SolutionConfigurationPlatforms) = preSolution
		Debug|Any CPU = Debug|Any CPU
		Release|Any CPU = Release|Any CPU
	EndGlobalSection
	GlobalSection(ProjectConfigurationPlatforms) = postSolution
		{823DA7AE-3D9F-4D89-A5DA-0FB3F33F32BC}.Debug|Any CPU.ActiveCfg = Debug|Any CPU
		{823DA7AE-3D9F-4D89-A5DA-0FB3F33F32BC}.Debug|Any CPU.Build.0 = Debug|Any CPU
		{823DA7AE-3D9F-4D89-A5DA-0FB3F33F32BC}.Release|Any CPU.ActiveCfg = Release|Any CPU
		{823DA7AE-3D9F-4D89-A5DA-0FB3F33F32BC}.Release|Any CPU.Build.0 = Release|Any CPU
		{C30290FD-4CC3-4C8F-829F-2EC593024937}.Debug|Any CPU.ActiveCfg = Debug|Any CPU
		{C30290FD-4CC3-4C8F-829F-2EC593024937}.Debug|Any CPU.Build.0 = Debug|Any CPU
		{C30290FD-4CC3-4C8F-829F-2EC593024937}.Release|Any CPU.ActiveCfg = Release|Any CPU
		{C30290FD-4CC3-4C8F-829F-2EC593024937}.Release|Any CPU.Build.0 = Release|Any CPU
		{860BE1EB-E413-4D30-8F8C-679AB7B09FAD}.Debug|Any CPU.ActiveCfg = Debug|Any CPU
		{860BE1EB-E413-4D30-8F8C-679AB7B09FAD}.Debug|Any CPU.Build.0 = Debug|Any CPU
		{860BE1EB-E413-4D30-8F8C-679AB7B09FAD}.Release|Any CPU.ActiveCfg = Release|Any CPU
		{860BE1EB-E413-4D30-8F8C-679AB7B09FAD}.Release|Any CPU.Build.0 = Release|Any CPU
		{5463F78F-B3F8-4578-9083-CF05FE6ABE03}.Debug|Any CPU.ActiveCfg = Debug|Any CPU
		{5463F78F-B3F8-4578-9083-CF05FE6ABE03}.Debug|Any CPU.Build.0 = Debug|Any CPU
		{5463F78F-B3F8-4578-9083-CF05FE6ABE03}.Release|Any CPU.ActiveCfg = Release|Any CPU
		{5463F78F-B3F8-4578-9083-CF05FE6ABE03}.Release|Any CPU.Build.0 = Release|Any CPU
		{95ED48BA-9CA3-43A9-AB18-055E7DC0837E}.Debug|Any CPU.ActiveCfg = Debug|Any CPU
		{95ED48BA-9CA3-43A9-AB18-055E7DC0837E}.Debug|Any CPU.Build.0 = Debug|Any CPU
		{95ED48BA-9CA3-43A9-AB18-055E7DC0837E}.Release|Any CPU.ActiveCfg = Release|Any CPU
		{95ED48BA-9CA3-43A9-AB18-055E7DC0837E}.Release|Any CPU.Build.0 = Release|Any CPU
	EndGlobalSection
	GlobalSection(SolutionProperties) = preSolution
		HideSolutionNode = FALSE
	EndGlobalSection
	GlobalSection(ExtensibilityGlobals) = postSolution
		SolutionGuid = {8DB015DE-7351-4D26-AFC1-723212F29FC5}
	EndGlobalSection
EndGlobal
